// !$*UTF8*$!
{
	archiveVersion = 1;
	classes = {
	};
	objectVersion = 50;
	objects = {

/* Begin PBXBuildFile section */
		D01846D82103271B0034E060 /* AppDelegate.swift in Sources */ = {isa = PBXBuildFile; fileRef = D01846D72103271B0034E060 /* AppDelegate.swift */; };
		D01846DA2103271B0034E060 /* ViewController.swift in Sources */ = {isa = PBXBuildFile; fileRef = D01846D92103271B0034E060 /* ViewController.swift */; };
		D01846E02103271B0034E060 /* tbShareShipping.xcdatamodeld in Sources */ = {isa = PBXBuildFile; fileRef = D01846DE2103271B0034E060 /* tbShareShipping.xcdatamodeld */; };
		D01846E22103271C0034E060 /* Assets.xcassets in Resources */ = {isa = PBXBuildFile; fileRef = D01846E12103271C0034E060 /* Assets.xcassets */; };
		D01846E52103271C0034E060 /* LaunchScreen.storyboard in Resources */ = {isa = PBXBuildFile; fileRef = D01846E32103271C0034E060 /* LaunchScreen.storyboard */; };
		D01846F02103271C0034E060 /* tbShareShippingTests.swift in Sources */ = {isa = PBXBuildFile; fileRef = D01846EF2103271C0034E060 /* tbShareShippingTests.swift */; };
		D01846FB2103271C0034E060 /* tbShareShippingUITests.swift in Sources */ = {isa = PBXBuildFile; fileRef = D01846FA2103271C0034E060 /* tbShareShippingUITests.swift */; };
		D018470F210327850034E060 /* User.swift in Sources */ = {isa = PBXBuildFile; fileRef = D0184708210327840034E060 /* User.swift */; };
		D0184710210327850034E060 /* UserViewController.swift in Sources */ = {isa = PBXBuildFile; fileRef = D0184709210327840034E060 /* UserViewController.swift */; };
		D0184712210327850034E060 /* addUserFooterView.xib in Resources */ = {isa = PBXBuildFile; fileRef = D018470B210327850034E060 /* addUserFooterView.xib */; };
		D0184713210327850034E060 /* UserCell.swift in Sources */ = {isa = PBXBuildFile; fileRef = D018470C210327850034E060 /* UserCell.swift */; };
		D0184714210327850034E060 /* addUserFooterView.swift in Sources */ = {isa = PBXBuildFile; fileRef = D018470D210327850034E060 /* addUserFooterView.swift */; };
		D0184715210327850034E060 /* UserCell.xib in Resources */ = {isa = PBXBuildFile; fileRef = D018470E210327850034E060 /* UserCell.xib */; };
		D0184717210328780034E060 /* Main.storyboard in Resources */ = {isa = PBXBuildFile; fileRef = D0184716210328780034E060 /* Main.storyboard */; };
/* End PBXBuildFile section */

/* Begin PBXContainerItemProxy section */
		D01846EC2103271C0034E060 /* PBXContainerItemProxy */ = {
			isa = PBXContainerItemProxy;
			containerPortal = D01846CC2103271A0034E060 /* Project object */;
			proxyType = 1;
			remoteGlobalIDString = D01846D32103271B0034E060;
			remoteInfo = tbShareShipping;
		};
		D01846F72103271C0034E060 /* PBXContainerItemProxy */ = {
			isa = PBXContainerItemProxy;
			containerPortal = D01846CC2103271A0034E060 /* Project object */;
			proxyType = 1;
			remoteGlobalIDString = D01846D32103271B0034E060;
			remoteInfo = tbShareShipping;
		};
/* End PBXContainerItemProxy section */

/* Begin PBXFileReference section */
		D01846D42103271B0034E060 /* tbShareShipping.app */ = {isa = PBXFileReference; explicitFileType = wrapper.application; includeInIndex = 0; path = tbShareShipping.app; sourceTree = BUILT_PRODUCTS_DIR; };
		D01846D72103271B0034E060 /* AppDelegate.swift */ = {isa = PBXFileReference; lastKnownFileType = sourcecode.swift; path = AppDelegate.swift; sourceTree = "<group>"; };
		D01846D92103271B0034E060 /* ViewController.swift */ = {isa = PBXFileReference; lastKnownFileType = sourcecode.swift; path = ViewController.swift; sourceTree = "<group>"; };
		D01846DF2103271B0034E060 /* tbShareShipping.xcdatamodel */ = {isa = PBXFileReference; lastKnownFileType = wrapper.xcdatamodel; path = tbShareShipping.xcdatamodel; sourceTree = "<group>"; };
		D01846E12103271C0034E060 /* Assets.xcassets */ = {isa = PBXFileReference; lastKnownFileType = folder.assetcatalog; path = Assets.xcassets; sourceTree = "<group>"; };
		D01846E42103271C0034E060 /* Base */ = {isa = PBXFileReference; lastKnownFileType = file.storyboard; name = Base; path = Base.lproj/LaunchScreen.storyboard; sourceTree = "<group>"; };
		D01846E62103271C0034E060 /* Info.plist */ = {isa = PBXFileReference; lastKnownFileType = text.plist.xml; path = Info.plist; sourceTree = "<group>"; };
		D01846EB2103271C0034E060 /* tbShareShippingTests.xctest */ = {isa = PBXFileReference; explicitFileType = wrapper.cfbundle; includeInIndex = 0; path = tbShareShippingTests.xctest; sourceTree = BUILT_PRODUCTS_DIR; };
		D01846EF2103271C0034E060 /* tbShareShippingTests.swift */ = {isa = PBXFileReference; lastKnownFileType = sourcecode.swift; path = tbShareShippingTests.swift; sourceTree = "<group>"; };
		D01846F12103271C0034E060 /* Info.plist */ = {isa = PBXFileReference; lastKnownFileType = text.plist.xml; path = Info.plist; sourceTree = "<group>"; };
		D01846F62103271C0034E060 /* tbShareShippingUITests.xctest */ = {isa = PBXFileReference; explicitFileType = wrapper.cfbundle; includeInIndex = 0; path = tbShareShippingUITests.xctest; sourceTree = BUILT_PRODUCTS_DIR; };
		D01846FA2103271C0034E060 /* tbShareShippingUITests.swift */ = {isa = PBXFileReference; lastKnownFileType = sourcecode.swift; path = tbShareShippingUITests.swift; sourceTree = "<group>"; };
		D01846FC2103271C0034E060 /* Info.plist */ = {isa = PBXFileReference; lastKnownFileType = text.plist.xml; path = Info.plist; sourceTree = "<group>"; };
		D0184708210327840034E060 /* User.swift */ = {isa = PBXFileReference; fileEncoding = 4; lastKnownFileType = sourcecode.swift; path = User.swift; sourceTree = "<group>"; };
		D0184709210327840034E060 /* UserViewController.swift */ = {isa = PBXFileReference; fileEncoding = 4; lastKnownFileType = sourcecode.swift; path = UserViewController.swift; sourceTree = "<group>"; };
		D018470B210327850034E060 /* addUserFooterView.xib */ = {isa = PBXFileReference; fileEncoding = 4; lastKnownFileType = file.xib; path = addUserFooterView.xib; sourceTree = "<group>"; };
		D018470C210327850034E060 /* UserCell.swift */ = {isa = PBXFileReference; fileEncoding = 4; lastKnownFileType = sourcecode.swift; path = UserCell.swift; sourceTree = "<group>"; };
		D018470D210327850034E060 /* addUserFooterView.swift */ = {isa = PBXFileReference; fileEncoding = 4; lastKnownFileType = sourcecode.swift; path = addUserFooterView.swift; sourceTree = "<group>"; };
		D018470E210327850034E060 /* UserCell.xib */ = {isa = PBXFileReference; fileEncoding = 4; lastKnownFileType = file.xib; path = UserCell.xib; sourceTree = "<group>"; };
		D0184716210328780034E060 /* Main.storyboard */ = {isa = PBXFileReference; fileEncoding = 4; lastKnownFileType = file.storyboard; path = Main.storyboard; sourceTree = "<group>"; };
/* End PBXFileReference section */

/* Begin PBXFrameworksBuildPhase section */
		D01846D12103271B0034E060 /* Frameworks */ = {
			isa = PBXFrameworksBuildPhase;
			buildActionMask = 2147483647;
			files = (
			);
			runOnlyForDeploymentPostprocessing = 0;
		};
		D01846E82103271C0034E060 /* Frameworks */ = {
			isa = PBXFrameworksBuildPhase;
			buildActionMask = 2147483647;
			files = (
			);
			runOnlyForDeploymentPostprocessing = 0;
		};
		D01846F32103271C0034E060 /* Frameworks */ = {
			isa = PBXFrameworksBuildPhase;
			buildActionMask = 2147483647;
			files = (
			);
			runOnlyForDeploymentPostprocessing = 0;
		};
/* End PBXFrameworksBuildPhase section */

/* Begin PBXGroup section */
		D01846CB2103271A0034E060 = {
			isa = PBXGroup;
			children = (
				D01846D62103271B0034E060 /* tbShareShipping */,
				D01846EE2103271C0034E060 /* tbShareShippingTests */,
				D01846F92103271C0034E060 /* tbShareShippingUITests */,
				D01846D52103271B0034E060 /* Products */,
			);
			sourceTree = "<group>";
		};
		D01846D52103271B0034E060 /* Products */ = {
			isa = PBXGroup;
			children = (
				D01846D42103271B0034E060 /* tbShareShipping.app */,
				D01846EB2103271C0034E060 /* tbShareShippingTests.xctest */,
				D01846F62103271C0034E060 /* tbShareShippingUITests.xctest */,
			);
			name = Products;
			sourceTree = "<group>";
		};
		D01846D62103271B0034E060 /* tbShareShipping */ = {
			isa = PBXGroup;
			children = (
				D01846D72103271B0034E060 /* AppDelegate.swift */,
				D01846D92103271B0034E060 /* ViewController.swift */,
				D0184716210328780034E060 /* Main.storyboard */,
				D01846E12103271C0034E060 /* Assets.xcassets */,
				D01846E32103271C0034E060 /* LaunchScreen.storyboard */,
				D01846E62103271C0034E060 /* Info.plist */,
				D01846DE2103271B0034E060 /* tbShareShipping.xcdatamodeld */,
				D018470D210327850034E060 /* addUserFooterView.swift */,
				D018470B210327850034E060 /* addUserFooterView.xib */,
				D0184708210327840034E060 /* User.swift */,
				D018470C210327850034E060 /* UserCell.swift */,
				D018470E210327850034E060 /* UserCell.xib */,
				D0184709210327840034E060 /* UserViewController.swift */,
			);
			path = tbShareShipping;
			sourceTree = "<group>";
		};
		D01846EE2103271C0034E060 /* tbShareShippingTests */ = {
			isa = PBXGroup;
			children = (
				D01846EF2103271C0034E060 /* tbShareShippingTests.swift */,
				D01846F12103271C0034E060 /* Info.plist */,
			);
			path = tbShareShippingTests;
			sourceTree = "<group>";
		};
		D01846F92103271C0034E060 /* tbShareShippingUITests */ = {
			isa = PBXGroup;
			children = (
				D01846FA2103271C0034E060 /* tbShareShippingUITests.swift */,
				D01846FC2103271C0034E060 /* Info.plist */,
			);
			path = tbShareShippingUITests;
			sourceTree = "<group>";
		};
/* End PBXGroup section */

/* Begin PBXNativeTarget section */
		D01846D32103271B0034E060 /* tbShareShipping */ = {
			isa = PBXNativeTarget;
			buildConfigurationList = D01846FF2103271C0034E060 /* Build configuration list for PBXNativeTarget "tbShareShipping" */;
			buildPhases = (
				D01846D02103271B0034E060 /* Sources */,
				D01846D12103271B0034E060 /* Frameworks */,
				D01846D22103271B0034E060 /* Resources */,
			);
			buildRules = (
			);
			dependencies = (
			);
			name = tbShareShipping;
			productName = tbShareShipping;
			productReference = D01846D42103271B0034E060 /* tbShareShipping.app */;
			productType = "com.apple.product-type.application";
		};
		D01846EA2103271C0034E060 /* tbShareShippingTests */ = {
			isa = PBXNativeTarget;
			buildConfigurationList = D01847022103271C0034E060 /* Build configuration list for PBXNativeTarget "tbShareShippingTests" */;
			buildPhases = (
				D01846E72103271C0034E060 /* Sources */,
				D01846E82103271C0034E060 /* Frameworks */,
				D01846E92103271C0034E060 /* Resources */,
			);
			buildRules = (
			);
			dependencies = (
				D01846ED2103271C0034E060 /* PBXTargetDependency */,
			);
			name = tbShareShippingTests;
			productName = tbShareShippingTests;
			productReference = D01846EB2103271C0034E060 /* tbShareShippingTests.xctest */;
			productType = "com.apple.product-type.bundle.unit-test";
		};
		D01846F52103271C0034E060 /* tbShareShippingUITests */ = {
			isa = PBXNativeTarget;
			buildConfigurationList = D01847052103271C0034E060 /* Build configuration list for PBXNativeTarget "tbShareShippingUITests" */;
			buildPhases = (
				D01846F22103271C0034E060 /* Sources */,
				D01846F32103271C0034E060 /* Frameworks */,
				D01846F42103271C0034E060 /* Resources */,
			);
			buildRules = (
			);
			dependencies = (
				D01846F82103271C0034E060 /* PBXTargetDependency */,
			);
			name = tbShareShippingUITests;
			productName = tbShareShippingUITests;
			productReference = D01846F62103271C0034E060 /* tbShareShippingUITests.xctest */;
			productType = "com.apple.product-type.bundle.ui-testing";
		};
/* End PBXNativeTarget section */

/* Begin PBXProject section */
		D01846CC2103271A0034E060 /* Project object */ = {
			isa = PBXProject;
			attributes = {
				LastSwiftUpdateCheck = 0940;
				LastUpgradeCheck = 0940;
				ORGANIZATIONNAME = Peter;
				TargetAttributes = {
					D01846D32103271B0034E060 = {
						CreatedOnToolsVersion = 9.4;
					};
					D01846EA2103271C0034E060 = {
						CreatedOnToolsVersion = 9.4;
						TestTargetID = D01846D32103271B0034E060;
					};
					D01846F52103271C0034E060 = {
						CreatedOnToolsVersion = 9.4;
						TestTargetID = D01846D32103271B0034E060;
					};
				};
			};
			buildConfigurationList = D01846CF2103271A0034E060 /* Build configuration list for PBXProject "tbShareShipping" */;
			compatibilityVersion = "Xcode 9.3";
			developmentRegion = en;
			hasScannedForEncodings = 0;
			knownRegions = (
				en,
				Base,
			);
			mainGroup = D01846CB2103271A0034E060;
			productRefGroup = D01846D52103271B0034E060 /* Products */;
			projectDirPath = "";
			projectRoot = "";
			targets = (
				D01846D32103271B0034E060 /* tbShareShipping */,
				D01846EA2103271C0034E060 /* tbShareShippingTests */,
				D01846F52103271C0034E060 /* tbShareShippingUITests */,
			);
		};
/* End PBXProject section */

/* Begin PBXResourcesBuildPhase section */
		D01846D22103271B0034E060 /* Resources */ = {
			isa = PBXResourcesBuildPhase;
			buildActionMask = 2147483647;
			files = (
				D0184712210327850034E060 /* addUserFooterView.xib in Resources */,
				D01846E52103271C0034E060 /* LaunchScreen.storyboard in Resources */,
				D01846E22103271C0034E060 /* Assets.xcassets in Resources */,
				D0184717210328780034E060 /* Main.storyboard in Resources */,
				D0184715210327850034E060 /* UserCell.xib in Resources */,
			);
			runOnlyForDeploymentPostprocessing = 0;
		};
		D01846E92103271C0034E060 /* Resources */ = {
			isa = PBXResourcesBuildPhase;
			buildActionMask = 2147483647;
			files = (
			);
			runOnlyForDeploymentPostprocessing = 0;
		};
		D01846F42103271C0034E060 /* Resources */ = {
			isa = PBXResourcesBuildPhase;
			buildActionMask = 2147483647;
			files = (
			);
			runOnlyForDeploymentPostprocessing = 0;
		};
/* End PBXResourcesBuildPhase section */

/* Begin PBXSourcesBuildPhase section */
		D01846D02103271B0034E060 /* Sources */ = {
			isa = PBXSourcesBuildPhase;
			buildActionMask = 2147483647;
			files = (
				D018470F210327850034E060 /* User.swift in Sources */,
				D0184710210327850034E060 /* UserViewController.swift in Sources */,
				D01846DA2103271B0034E060 /* ViewController.swift in Sources */,
				D0184714210327850034E060 /* addUserFooterView.swift in Sources */,
				D01846E02103271B0034E060 /* tbShareShipping.xcdatamodeld in Sources */,
				D01846D82103271B0034E060 /* AppDelegate.swift in Sources */,
				D0184713210327850034E060 /* UserCell.swift in Sources */,
			);
			runOnlyForDeploymentPostprocessing = 0;
		};
		D01846E72103271C0034E060 /* Sources */ = {
			isa = PBXSourcesBuildPhase;
			buildActionMask = 2147483647;
			files = (
				D01846F02103271C0034E060 /* tbShareShippingTests.swift in Sources */,
			);
			runOnlyForDeploymentPostprocessing = 0;
		};
		D01846F22103271C0034E060 /* Sources */ = {
			isa = PBXSourcesBuildPhase;
			buildActionMask = 2147483647;
			files = (
				D01846FB2103271C0034E060 /* tbShareShippingUITests.swift in Sources */,
			);
			runOnlyForDeploymentPostprocessing = 0;
		};
/* End PBXSourcesBuildPhase section */

/* Begin PBXTargetDependency section */
		D01846ED2103271C0034E060 /* PBXTargetDependency */ = {
			isa = PBXTargetDependency;
			target = D01846D32103271B0034E060 /* tbShareShipping */;
			targetProxy = D01846EC2103271C0034E060 /* PBXContainerItemProxy */;
		};
		D01846F82103271C0034E060 /* PBXTargetDependency */ = {
			isa = PBXTargetDependency;
			target = D01846D32103271B0034E060 /* tbShareShipping */;
			targetProxy = D01846F72103271C0034E060 /* PBXContainerItemProxy */;
		};
/* End PBXTargetDependency section */

/* Begin PBXVariantGroup section */
		D01846E32103271C0034E060 /* LaunchScreen.storyboard */ = {
			isa = PBXVariantGroup;
			children = (
				D01846E42103271C0034E060 /* Base */,
			);
			name = LaunchScreen.storyboard;
			sourceTree = "<group>";
		};
/* End PBXVariantGroup section */

/* Begin XCBuildConfiguration section */
		D01846FD2103271C0034E060 /* Debug */ = {
			isa = XCBuildConfiguration;
			buildSettings = {
				ALWAYS_SEARCH_USER_PATHS = NO;
				CLANG_ANALYZER_NONNULL = YES;
				CLANG_ANALYZER_NUMBER_OBJECT_CONVERSION = YES_AGGRESSIVE;
				CLANG_CXX_LANGUAGE_STANDARD = "gnu++14";
				CLANG_CXX_LIBRARY = "libc++";
				CLANG_ENABLE_MODULES = YES;
				CLANG_ENABLE_OBJC_ARC = YES;
				CLANG_ENABLE_OBJC_WEAK = YES;
				CLANG_WARN_BLOCK_CAPTURE_AUTORELEASING = YES;
				CLANG_WARN_BOOL_CONVERSION = YES;
				CLANG_WARN_COMMA = YES;
				CLANG_WARN_CONSTANT_CONVERSION = YES;
				CLANG_WARN_DEPRECATED_OBJC_IMPLEMENTATIONS = YES;
				CLANG_WARN_DIRECT_OBJC_ISA_USAGE = YES_ERROR;
				CLANG_WARN_DOCUMENTATION_COMMENTS = YES;
				CLANG_WARN_EMPTY_BODY = YES;
				CLANG_WARN_ENUM_CONVERSION = YES;
				CLANG_WARN_INFINITE_RECURSION = YES;
				CLANG_WARN_INT_CONVERSION = YES;
				CLANG_WARN_NON_LITERAL_NULL_CONVERSION = YES;
				CLANG_WARN_OBJC_IMPLICIT_RETAIN_SELF = YES;
				CLANG_WARN_OBJC_LITERAL_CONVERSION = YES;
				CLANG_WARN_OBJC_ROOT_CLASS = YES_ERROR;
				CLANG_WARN_RANGE_LOOP_ANALYSIS = YES;
				CLANG_WARN_STRICT_PROTOTYPES = YES;
				CLANG_WARN_SUSPICIOUS_MOVE = YES;
				CLANG_WARN_UNGUARDED_AVAILABILITY = YES_AGGRESSIVE;
				CLANG_WARN_UNREACHABLE_CODE = YES;
				CLANG_WARN__DUPLICATE_METHOD_MATCH = YES;
				CODE_SIGN_IDENTITY = "iPhone Developer";
				COPY_PHASE_STRIP = NO;
				DEBUG_INFORMATION_FORMAT = dwarf;
				ENABLE_STRICT_OBJC_MSGSEND = YES;
				ENABLE_TESTABILITY = YES;
				GCC_C_LANGUAGE_STANDARD = gnu11;
				GCC_DYNAMIC_NO_PIC = NO;
				GCC_NO_COMMON_BLOCKS = YES;
				GCC_OPTIMIZATION_LEVEL = 0;
				GCC_PREPROCESSOR_DEFINITIONS = (
					"DEBUG=1",
					"$(inherited)",
				);
				GCC_WARN_64_TO_32_BIT_CONVERSION = YES;
				GCC_WARN_ABOUT_RETURN_TYPE = YES_ERROR;
				GCC_WARN_UNDECLARED_SELECTOR = YES;
				GCC_WARN_UNINITIALIZED_AUTOS = YES_AGGRESSIVE;
				GCC_WARN_UNUSED_FUNCTION = YES;
				GCC_WARN_UNUSED_VARIABLE = YES;
				IPHONEOS_DEPLOYMENT_TARGET = 11.4;
				MTL_ENABLE_DEBUG_INFO = YES;
				ONLY_ACTIVE_ARCH = YES;
				SDKROOT = iphoneos;
				SWIFT_ACTIVE_COMPILATION_CONDITIONS = DEBUG;
				SWIFT_OPTIMIZATION_LEVEL = "-Onone";
			};
			name = Debug;
		};
		D01846FE2103271C0034E060 /* Release */ = {
			isa = XCBuildConfiguration;
			buildSettings = {
				ALWAYS_SEARCH_USER_PATHS = NO;
				CLANG_ANALYZER_NONNULL = YES;
				CLANG_ANALYZER_NUMBER_OBJECT_CONVERSION = YES_AGGRESSIVE;
				CLANG_CXX_LANGUAGE_STANDARD = "gnu++14";
				CLANG_CXX_LIBRARY = "libc++";
				CLANG_ENABLE_MODULES = YES;
				CLANG_ENABLE_OBJC_ARC = YES;
				CLANG_ENABLE_OBJC_WEAK = YES;
				CLANG_WARN_BLOCK_CAPTURE_AUTORELEASING = YES;
				CLANG_WARN_BOOL_CONVERSION = YES;
				CLANG_WARN_COMMA = YES;
				CLANG_WARN_CONSTANT_CONVERSION = YES;
				CLANG_WARN_DEPRECATED_OBJC_IMPLEMENTATIONS = YES;
				CLANG_WARN_DIRECT_OBJC_ISA_USAGE = YES_ERROR;
				CLANG_WARN_DOCUMENTATION_COMMENTS = YES;
				CLANG_WARN_EMPTY_BODY = YES;
				CLANG_WARN_ENUM_CONVERSION = YES;
				CLANG_WARN_INFINITE_RECURSION = YES;
				CLANG_WARN_INT_CONVERSION = YES;
				CLANG_WARN_NON_LITERAL_NULL_CONVERSION = YES;
				CLANG_WARN_OBJC_IMPLICIT_RETAIN_SELF = YES;
				CLANG_WARN_OBJC_LITERAL_CONVERSION = YES;
				CLANG_WARN_OBJC_ROOT_CLASS = YES_ERROR;
				CLANG_WARN_RANGE_LOOP_ANALYSIS = YES;
				CLANG_WARN_STRICT_PROTOTYPES = YES;
				CLANG_WARN_SUSPICIOUS_MOVE = YES;
				CLANG_WARN_UNGUARDED_AVAILABILITY = YES_AGGRESSIVE;
				CLANG_WARN_UNREACHABLE_CODE = YES;
				CLANG_WARN__DUPLICATE_METHOD_MATCH = YES;
				CODE_SIGN_IDENTITY = "iPhone Developer";
				COPY_PHASE_STRIP = NO;
				DEBUG_INFORMATION_FORMAT = "dwarf-with-dsym";
				ENABLE_NS_ASSERTIONS = NO;
				ENABLE_STRICT_OBJC_MSGSEND = YES;
				GCC_C_LANGUAGE_STANDARD = gnu11;
				GCC_NO_COMMON_BLOCKS = YES;
				GCC_WARN_64_TO_32_BIT_CONVERSION = YES;
				GCC_WARN_ABOUT_RETURN_TYPE = YES_ERROR;
				GCC_WARN_UNDECLARED_SELECTOR = YES;
				GCC_WARN_UNINITIALIZED_AUTOS = YES_AGGRESSIVE;
				GCC_WARN_UNUSED_FUNCTION = YES;
				GCC_WARN_UNUSED_VARIABLE = YES;
				IPHONEOS_DEPLOYMENT_TARGET = 11.4;
				MTL_ENABLE_DEBUG_INFO = NO;
				SDKROOT = iphoneos;
				SWIFT_COMPILATION_MODE = wholemodule;
				SWIFT_OPTIMIZATION_LEVEL = "-O";
				VALIDATE_PRODUCT = YES;
			};
			name = Release;
		};
		D01847002103271C0034E060 /* Debug */ = {
			isa = XCBuildConfiguration;
			buildSettings = {
				ASSETCATALOG_COMPILER_APPICON_NAME = AppIcon;
				CODE_SIGN_STYLE = Automatic;
				DEVELOPMENT_TEAM = 5V547CLJN8;
				INFOPLIST_FILE = tbShareShipping/Info.plist;
				LD_RUNPATH_SEARCH_PATHS = (
					"$(inherited)",
					"@executable_path/Frameworks",
				);
				PRODUCT_BUNDLE_IDENTIFIER = peter.tbShareShipping;
				PRODUCT_NAME = "$(TARGET_NAME)";
				SWIFT_VERSION = 4.0;
				TARGETED_DEVICE_FAMILY = "1,2";
			};
			name = Debug;
		};
		D01847012103271C0034E060 /* Release */ = {
			isa = XCBuildConfiguration;
			buildSettings = {
				ASSETCATALOG_COMPILER_APPICON_NAME = AppIcon;
				CODE_SIGN_STYLE = Automatic;
				DEVELOPMENT_TEAM = 5V547CLJN8;
				INFOPLIST_FILE = tbShareShipping/Info.plist;
				LD_RUNPATH_SEARCH_PATHS = (
					"$(inherited)",
					"@executable_path/Frameworks",
				);
				PRODUCT_BUNDLE_IDENTIFIER = peter.tbShareShipping;
				PRODUCT_NAME = "$(TARGET_NAME)";
				SWIFT_VERSION = 4.0;
				TARGETED_DEVICE_FAMILY = "1,2";
			};
			name = Release;
		};
		D01847032103271C0034E060 /* Debug */ = {
			isa = XCBuildConfiguration;
			buildSettings = {
				ALWAYS_EMBED_SWIFT_STANDARD_LIBRARIES = YES;
				BUNDLE_LOADER = "$(TEST_HOST)";
				CODE_SIGN_STYLE = Automatic;
				INFOPLIST_FILE = tbShareShippingTests/Info.plist;
				LD_RUNPATH_SEARCH_PATHS = (
					"$(inherited)",
					"@executable_path/Frameworks",
					"@loader_path/Frameworks",
				);
				PRODUCT_BUNDLE_IDENTIFIER = peter.tbShareShippingTests;
				PRODUCT_NAME = "$(TARGET_NAME)";
				SWIFT_VERSION = 4.0;
				TARGETED_DEVICE_FAMILY = "1,2";
				TEST_HOST = "$(BUILT_PRODUCTS_DIR)/tbShareShipping.app/tbShareShipping";
			};
			name = Debug;
		};
		D01847042103271C0034E060 /* Release */ = {
			isa = XCBuildConfiguration;
			buildSettings = {
				ALWAYS_EMBED_SWIFT_STANDARD_LIBRARIES = YES;
				BUNDLE_LOADER = "$(TEST_HOST)";
				CODE_SIGN_STYLE = Automatic;
				INFOPLIST_FILE = tbShareShippingTests/Info.plist;
				LD_RUNPATH_SEARCH_PATHS = (
					"$(inherited)",
					"@executable_path/Frameworks",
					"@loader_path/Frameworks",
				);
				PRODUCT_BUNDLE_IDENTIFIER = peter.tbShareShippingTests;
				PRODUCT_NAME = "$(TARGET_NAME)";
				SWIFT_VERSION = 4.0;
				TARGETED_DEVICE_FAMILY = "1,2";
				TEST_HOST = "$(BUILT_PRODUCTS_DIR)/tbShareShipping.app/tbShareShipping";
			};
			name = Release;
		};
		D01847062103271C0034E060 /* Debug */ = {
			isa = XCBuildConfiguration;
			buildSettings = {
				ALWAYS_EMBED_SWIFT_STANDARD_LIBRARIES = YES;
				CODE_SIGN_STYLE = Automatic;
				INFOPLIST_FILE = tbShareShippingUITests/Info.plist;
				LD_RUNPATH_SEARCH_PATHS = (
					"$(inherited)",
					"@executable_path/Frameworks",
					"@loader_path/Frameworks",
				);
				PRODUCT_BUNDLE_IDENTIFIER = peter.tbShareShippingUITests;
				PRODUCT_NAME = "$(TARGET_NAME)";
				SWIFT_VERSION = 4.0;
				TARGETED_DEVICE_FAMILY = "1,2";
				TEST_TARGET_NAME = tbShareShipping;
			};
			name = Debug;
		};
		D01847072103271C0034E060 /* Release */ = {
			isa = XCBuildConfiguration;
			buildSettings = {
				ALWAYS_EMBED_SWIFT_STANDARD_LIBRARIES = YES;
				CODE_SIGN_STYLE = Automatic;
				INFOPLIST_FILE = tbShareShippingUITests/Info.plist;
				LD_RUNPATH_SEARCH_PATHS = (
					"$(inherited)",
					"@executable_path/Frameworks",
					"@loader_path/Frameworks",
				);
				PRODUCT_BUNDLE_IDENTIFIER = peter.tbShareShippingUITests;
				PRODUCT_NAME = "$(TARGET_NAME)";
				SWIFT_VERSION = 4.0;
				TARGETED_DEVICE_FAMILY = "1,2";
				TEST_TARGET_NAME = tbShareShipping;
			};
			name = Release;
		};
/* End XCBuildConfiguration section */

/* Begin XCConfigurationList section */
		D01846CF2103271A0034E060 /* Build configuration list for PBXProject "tbShareShipping" */ = {
			isa = XCConfigurationList;
			buildConfigurations = (
				D01846FD2103271C0034E060 /* Debug */,
				D01846FE2103271C0034E060 /* Release */,
			);
			defaultConfigurationIsVisible = 0;
			defaultConfigurationName = Release;
		};
		D01846FF2103271C0034E060 /* Build configuration list for PBXNativeTarget "tbShareShipping" */ = {
			isa = XCConfigurationList;
			buildConfigurations = (
				D01847002103271C0034E060 /* Debug */,
				D01847012103271C0034E060 /* Release */,
			);
			defaultConfigurationIsVisible = 0;
			defaultConfigurationName = Release;
		};
		D01847022103271C0034E060 /* Build configuration list for PBXNativeTarget "tbShareShippingTests" */ = {
			isa = XCConfigurationList;
			buildConfigurations = (
				D01847032103271C0034E060 /* Debug */,
				D01847042103271C0034E060 /* Release */,
			);
			defaultConfigurationIsVisible = 0;
			defaultConfigurationName = Release;
		};
		D01847052103271C0034E060 /* Build configuration list for PBXNativeTarget "tbShareShippingUITests" */ = {
			isa = XCConfigurationList;
			buildConfigurations = (
				D01847062103271C0034E060 /* Debug */,
				D01847072103271C0034E060 /* Release */,
			);
			defaultConfigurationIsVisible = 0;
			defaultConfigurationName = Release;
		};
/* End XCConfigurationList section */

/* Begin XCVersionGroup section */
		D01846DE2103271B0034E060 /* tbShareShipping.xcdatamodeld */ = {
			isa = XCVersionGroup;
			children = (
				D01846DF2103271B0034E060 /* tbShareShipping.xcdatamodel */,
			);
			currentVersion = D01846DF2103271B0034E060 /* tbShareShipping.xcdatamodel */;
			path = tbShareShipping.xcdatamodeld;
			sourceTree = "<group>";
			versionGroupType = wrapper.xcdatamodel;
		};
/* End XCVersionGroup section */
	};
	rootObject = D01846CC2103271A0034E060 /* Project object */;
}
